
Microsoft Visual Studio Solution File, Format Version 12.00
# Visual Studio Version 16
VisualStudioVersion = 16.0.29201.188
MinimumVisualStudioVersion = 10.0.40219.1
Project("{9A19103F-16F7-4668-BE54-9A1E7A4F7556}") = "CopaDeFilmes.Business", "CopaDeFilmes.Business\CopaDeFilmes.Business.csproj", "{FD033502-3322-4903-95DA-15F6C3062D44}"
EndProject
Project("{9A19103F-16F7-4668-BE54-9A1E7A4F7556}") = "CopaDeFilmes.Data", "CopaDeFilmes.Data\CopaDeFilmes.Data.csproj", "{E758DE31-3CC2-4853-A00D-FB28448A1CEA}"
EndProject
Project("{9A19103F-16F7-4668-BE54-9A1E7A4F7556}") = "CopaDeFIlmes.Model", "CopaDeFIlmes.Model\CopaDeFIlmes.Model.csproj", "{D1510099-3D71-41CF-AD28-F4426D97BE99}"
EndProject
Project("{FAE04EC0-301F-11D3-BF4B-00C04F79EFBC}") = "CopaDeFilmes.Web", "CopaDeFilmes\CopaDeFilmes.Web.csproj", "{E8A4AB6C-4E29-4027-AE00-733468FA099D}"
EndProject
Project("{FAE04EC0-301F-11D3-BF4B-00C04F79EFBC}") = "CopaDeFilmes.Test", "CopaDeFilmes.Test\CopaDeFilmes.Test.csproj", "{248F91B1-6F82-47D0-A42D-70E9424CD7D6}"
EndProject
Global
	GlobalSection(SolutionConfigurationPlatforms) = preSolution
		Debug|Any CPU = Debug|Any CPU
		Release|Any CPU = Release|Any CPU
	EndGlobalSection
	GlobalSection(ProjectConfigurationPlatforms) = postSolution
		{FD033502-3322-4903-95DA-15F6C3062D44}.Debug|Any CPU.ActiveCfg = Debug|Any CPU
		{FD033502-3322-4903-95DA-15F6C3062D44}.Debug|Any CPU.Build.0 = Debug|Any CPU
		{FD033502-3322-4903-95DA-15F6C3062D44}.Release|Any CPU.ActiveCfg = Release|Any CPU
		{FD033502-3322-4903-95DA-15F6C3062D44}.Release|Any CPU.Build.0 = Release|Any CPU
		{E758DE31-3CC2-4853-A00D-FB28448A1CEA}.Debug|Any CPU.ActiveCfg = Debug|Any CPU
		{E758DE31-3CC2-4853-A00D-FB28448A1CEA}.Debug|Any CPU.Build.0 = Debug|Any CPU
		{E758DE31-3CC2-4853-A00D-FB28448A1CEA}.Release|Any CPU.ActiveCfg = Release|Any CPU
		{E758DE31-3CC2-4853-A00D-FB28448A1CEA}.Release|Any CPU.Build.0 = Release|Any CPU
		{D1510099-3D71-41CF-AD28-F4426D97BE99}.Debug|Any CPU.ActiveCfg = Debug|Any CPU
		{D1510099-3D71-41CF-AD28-F4426D97BE99}.Debug|Any CPU.Build.0 = Debug|Any CPU
		{D1510099-3D71-41CF-AD28-F4426D97BE99}.Release|Any CPU.ActiveCfg = Release|Any CPU
		{D1510099-3D71-41CF-AD28-F4426D97BE99}.Release|Any CPU.Build.0 = Release|Any CPU
		{E8A4AB6C-4E29-4027-AE00-733468FA099D}.Debug|Any CPU.ActiveCfg = Debug|Any CPU
		{E8A4AB6C-4E29-4027-AE00-733468FA099D}.Debug|Any CPU.Build.0 = Debug|Any CPU
		{E8A4AB6C-4E29-4027-AE00-733468FA099D}.Release|Any CPU.ActiveCfg = Release|Any CPU
		{E8A4AB6C-4E29-4027-AE00-733468FA099D}.Release|Any CPU.Build.0 = Release|Any CPU
		{248F91B1-6F82-47D0-A42D-70E9424CD7D6}.Debug|Any CPU.ActiveCfg = Debug|Any CPU
		{248F91B1-6F82-47D0-A42D-70E9424CD7D6}.Debug|Any CPU.Build.0 = Debug|Any CPU
		{248F91B1-6F82-47D0-A42D-70E9424CD7D6}.Release|Any CPU.ActiveCfg = Release|Any CPU
		{248F91B1-6F82-47D0-A42D-70E9424CD7D6}.Release|Any CPU.Build.0 = Release|Any CPU
	EndGlobalSection
	GlobalSection(SolutionProperties) = preSolution
		HideSolutionNode = FALSE
	EndGlobalSection
	GlobalSection(ExtensibilityGlobals) = postSolution
		SolutionGuid = {E533B8FE-B582-46D5-A66D-C5C09193FC00}
	EndGlobalSection
EndGlobal
